{
  "name": "@leofcoin/lib",
  "version": "1.1.1",
  "lockfileVersion": 2,
  "requires": true,
  "packages": {
    "": {
      "name": "@leofcoin/lib",
      "version": "1.1.1",
      "license": "ISC",
      "dependencies": {
        "@leofcoin/addresses": "^1.0.0-beta.1",
        "@leofcoin/codec-format-interface": "^1.4.0",
        "@leofcoin/messages": "^1.1.2"
      },
      "devDependencies": {
        "@rollup/plugin-json": "^4.1.0"
      }
    },
    "node_modules/@leofcoin/addresses": {
      "version": "1.0.0",
      "resolved": "https://registry.npmjs.org/@leofcoin/addresses/-/addresses-1.0.0.tgz",
      "integrity": "sha512-EVnXlVtKAzhY5e1SJ+S58ckboIJ1vvlffIA+1Z9+1txokLcjoiBswutsNWz9C7sYwNzjpPnAQ1M8gnp3hvhagQ=="
    },
    "node_modules/@leofcoin/codec-format-interface": {
      "version": "1.4.0",
      "resolved": "https://registry.npmjs.org/@leofcoin/codec-format-interface/-/codec-format-interface-1.4.0.tgz",
      "integrity": "sha512-k8HXwCf+BXnRFlm2SvjO+YK1Qpjqb/GL8qUelo3Ce4s4tgpbi09V/rZaJxO3mwCynSVcm5QvRvwdU16Sai5piA==",
      "dependencies": {
        "@vandeurenglenn/base32": "^1.1.0",
        "@vandeurenglenn/base58": "^1.1.0",
        "@vandeurenglenn/is-hex": "^1.0.0",
        "keccak": "^3.0.2",
        "varint": "^6.0.0"
      }
    },
    "node_modules/@leofcoin/messages": {
      "version": "1.2.0",
      "resolved": "https://registry.npmjs.org/@leofcoin/messages/-/messages-1.2.0.tgz",
      "integrity": "sha512-BnYbcQWr3N/OYO52z7/Oim79hgLFPkPWZn+SYSTK5H3KkfqUIC6gAfEZlhndw9yT2vFtJdF6l387txtM4fOTbA==",
      "dependencies": {
        "@leofcoin/codec-format-interface": "^1.2.2"
      }
    },
    "node_modules/@rollup/plugin-json": {
      "version": "4.1.0",
      "resolved": "https://registry.npmjs.org/@rollup/plugin-json/-/plugin-json-4.1.0.tgz",
      "integrity": "sha512-yfLbTdNS6amI/2OpmbiBoW12vngr5NW2jCJVZSBEz+H5KfUJZ2M7sDjk0U6GOOdCWFVScShte29o9NezJ53TPw==",
      "dev": true,
      "dependencies": {
        "@rollup/pluginutils": "^3.0.8"
      },
      "peerDependencies": {
        "rollup": "^1.20.0 || ^2.0.0"
      }
    },
    "node_modules/@rollup/pluginutils": {
      "version": "3.1.0",
      "resolved": "https://registry.npmjs.org/@rollup/pluginutils/-/pluginutils-3.1.0.tgz",
      "integrity": "sha512-GksZ6pr6TpIjHm8h9lSQ8pi8BE9VeubNT0OMJ3B5uZJ8pz73NPiqOtCog/x2/QzM1ENChPKxMDhiQuRHsqc+lg==",
      "dev": true,
      "dependencies": {
        "@types/estree": "0.0.39",
        "estree-walker": "^1.0.1",
        "picomatch": "^2.2.2"
      },
      "engines": {
        "node": ">= 8.0.0"
      },
      "peerDependencies": {
        "rollup": "^1.20.0||^2.0.0"
      }
    },
    "node_modules/@types/estree": {
      "version": "0.0.39",
      "resolved": "https://registry.npmjs.org/@types/estree/-/estree-0.0.39.tgz",
      "integrity": "sha512-EYNwp3bU+98cpU4lAWYYL7Zz+2gryWH1qbdDTidVd6hkiR6weksdbMadyXKXNPEkQFhXM+hVO9ZygomHXp+AIw==",
      "dev": true
    },
    "node_modules/@vandeurenglenn/base-x": {
      "version": "1.0.0",
      "resolved": "https://registry.npmjs.org/@vandeurenglenn/base-x/-/base-x-1.0.0.tgz",
      "integrity": "sha512-RV0acY7IfGI+OmjZeOTEJQP77SNsyF3v+cEaG4uFeCrEu4rFyEcmGrzG66Ncr+RpNhLKkj4zyBTpWmenQa8F3Q=="
    },
    "node_modules/@vandeurenglenn/base32": {
      "version": "1.1.0",
      "resolved": "https://registry.npmjs.org/@vandeurenglenn/base32/-/base32-1.1.0.tgz",
      "integrity": "sha512-0FezP6bMSD1X30v2F8JgN8DnjDs3z1pgV03YQt+IYcvqm0446MCLRM6LqgqN73qH84u7gd7sPZtSEgxeX5tJOA==",
      "dependencies": {
        "@vandeurenglenn/base-x": "^1.0.0"
      }
    },
    "node_modules/@vandeurenglenn/base58": {
      "version": "1.1.0",
      "resolved": "https://registry.npmjs.org/@vandeurenglenn/base58/-/base58-1.1.0.tgz",
      "integrity": "sha512-eREK/2FXme24z8NRVWyOAc/HKggkjGtbk5Q+knT0PwASto2hBPGpLHlkM9Htn6M2Yd82gt5RIxGVCeO3JoKcQg==",
      "dependencies": {
        "@vandeurenglenn/base-x": "^1.0.0"
      }
    },
    "node_modules/@vandeurenglenn/is-hex": {
      "version": "1.0.0",
      "resolved": "https://registry.npmjs.org/@vandeurenglenn/is-hex/-/is-hex-1.0.0.tgz",
      "integrity": "sha512-2SslX19t7Dek0q1eUJd51SqsmDuvPjW5Cd+69qT+JyP0TCtiJkR1pBdWMI0RIK1uWCgkigZ2RMPzDG2ls5wZFQ=="
    },
    "node_modules/estree-walker": {
      "version": "1.0.1",
      "resolved": "https://registry.npmjs.org/estree-walker/-/estree-walker-1.0.1.tgz",
      "integrity": "sha512-1fMXF3YP4pZZVozF8j/ZLfvnR8NSIljt56UhbZ5PeeDmmGHpgpdwQt7ITlGvYaQukCvuBRMLEiKiYC+oeIg4cg==",
      "dev": true
    },
    "node_modules/fsevents": {
      "version": "2.3.2",
      "resolved": "https://registry.npmjs.org/fsevents/-/fsevents-2.3.2.tgz",
      "integrity": "sha512-xiqMQR4xAeHTuB9uWm+fFRcIOgKBMiOBP+eXiyT7jsgVCq1bkVygt00oASowB7EdtpOHaaPgKt812P9ab+DDKA==",
      "dev": true,
      "hasInstallScript": true,
      "optional": true,
      "os": [
        "darwin"
      ],
      "peer": true,
      "engines": {
        "node": "^8.16.0 || ^10.6.0 || >=11.0.0"
      }
    },
    "node_modules/inherits": {
      "version": "2.0.4",
      "resolved": "https://registry.npmjs.org/inherits/-/inherits-2.0.4.tgz",
      "integrity": "sha512-k/vGaX4/Yla3WzyMCvTQOXYeIHvqOKtnqBduzTHpzpQZzAskKMhZ2K+EnBiSM9zGSoIFeMpXKxa4dYeZIQqewQ=="
    },
    "node_modules/keccak": {
      "version": "3.0.2",
      "resolved": "https://registry.npmjs.org/keccak/-/keccak-3.0.2.tgz",
      "integrity": "sha512-PyKKjkH53wDMLGrvmRGSNWgmSxZOUqbnXwKL9tmgbFYA1iAYqW21kfR7mZXV0MlESiefxQQE9X9fTa3X+2MPDQ==",
      "hasInstallScript": true,
      "dependencies": {
        "node-addon-api": "^2.0.0",
        "node-gyp-build": "^4.2.0",
        "readable-stream": "^3.6.0"
      },
      "engines": {
        "node": ">=10.0.0"
      }
    },
    "node_modules/node-addon-api": {
      "version": "2.0.2",
      "resolved": "https://registry.npmjs.org/node-addon-api/-/node-addon-api-2.0.2.tgz",
      "integrity": "sha512-Ntyt4AIXyaLIuMHF6IOoTakB3K+RWxwtsHNRxllEoA6vPwP9o4866g6YWDLUdnucilZhmkxiHwHr11gAENw+QA=="
    },
    "node_modules/node-gyp-build": {
      "version": "4.5.0",
      "resolved": "https://registry.npmjs.org/node-gyp-build/-/node-gyp-build-4.5.0.tgz",
      "integrity": "sha512-2iGbaQBV+ITgCz76ZEjmhUKAKVf7xfY1sRl4UiKQspfZMH2h06SyhNsnSVy50cwkFQDGLyif6m/6uFXHkOZ6rg==",
      "bin": {
        "node-gyp-build": "bin.js",
        "node-gyp-build-optional": "optional.js",
        "node-gyp-build-test": "build-test.js"
      }
    },
    "node_modules/picomatch": {
      "version": "2.3.1",
      "resolved": "https://registry.npmjs.org/picomatch/-/picomatch-2.3.1.tgz",
      "integrity": "sha512-JU3teHTNjmE2VCGFzuY8EXzCDVwEqB2a8fsIvwaStHhAWJEeVd1o1QD80CU6+ZdEXXSLbSsuLwJjkCBWqRQUVA==",
      "dev": true,
      "engines": {
        "node": ">=8.6"
      },
      "funding": {
        "url": "https://github.com/sponsors/jonschlinkert"
      }
    },
    "node_modules/readable-stream": {
      "version": "3.6.0",
      "resolved": "https://registry.npmjs.org/readable-stream/-/readable-stream-3.6.0.tgz",
      "integrity": "sha512-BViHy7LKeTz4oNnkcLJ+lVSL6vpiFeX6/d3oSH8zCW7UxP2onchk+vTGB143xuFjHS3deTgkKoXXymXqymiIdA==",
      "dependencies": {
        "inherits": "^2.0.3",
        "string_decoder": "^1.1.1",
        "util-deprecate": "^1.0.1"
      },
      "engines": {
        "node": ">= 6"
      }
    },
    "node_modules/rollup": {
      "version": "2.79.0",
      "resolved": "https://registry.npmjs.org/rollup/-/rollup-2.79.0.tgz",
      "integrity": "sha512-x4KsrCgwQ7ZJPcFA/SUu6QVcYlO7uRLfLAy0DSA4NS2eG8japdbpM50ToH7z4iObodRYOJ0soneF0iaQRJ6zhA==",
      "dev": true,
      "peer": true,
      "bin": {
        "rollup": "dist/bin/rollup"
      },
      "engines": {
        "node": ">=10.0.0"
      },
      "optionalDependencies": {
        "fsevents": "~2.3.2"
      }
    },
    "node_modules/safe-buffer": {
      "version": "5.2.1",
      "resolved": "https://registry.npmjs.org/safe-buffer/-/safe-buffer-5.2.1.tgz",
      "integrity": "sha512-rp3So07KcdmmKbGvgaNxQSJr7bGVSVk5S9Eq1F+ppbRo70+YeaDxkw5Dd8NPN+GD6bjnYm2VuPuCXmpuYvmCXQ==",
      "funding": [
        {
          "type": "github",
          "url": "https://github.com/sponsors/feross"
        },
        {
          "type": "patreon",
          "url": "https://www.patreon.com/feross"
        },
        {
          "type": "consulting",
          "url": "https://feross.org/support"
        }
      ]
    },
    "node_modules/string_decoder": {
      "version": "1.3.0",
      "resolved": "https://registry.npmjs.org/string_decoder/-/string_decoder-1.3.0.tgz",
      "integrity": "sha512-hkRX8U1WjJFd8LsDJ2yQ/wWWxaopEsABU1XfkM8A+j0+85JAGppt16cr1Whg6KIbb4okU6Mql6BOj+uup/wKeA==",
      "dependencies": {
        "safe-buffer": "~5.2.0"
      }
    },
    "node_modules/util-deprecate": {
      "version": "1.0.2",
      "resolved": "https://registry.npmjs.org/util-deprecate/-/util-deprecate-1.0.2.tgz",
      "integrity": "sha512-EPD5q1uXyFxJpCrLnCc1nHnq3gOa6DZBocAIiI2TaSCA7VCJ1UJDMagCzIkXNsUYfD1daK//LTEQ8xiIbrHtcw=="
    },
    "node_modules/varint": {
      "version": "6.0.0",
      "resolved": "https://registry.npmjs.org/varint/-/varint-6.0.0.tgz",
      "integrity": "sha512-cXEIW6cfr15lFv563k4GuVuW/fiwjknytD37jIOLSdSWuOI6WnO/oKwmP2FQTU2l01LP8/M5TSAJpzUaGe3uWg=="
    }
  },
  "dependencies": {
    "@leofcoin/addresses": {
      "version": "1.0.0",
      "resolved": "https://registry.npmjs.org/@leofcoin/addresses/-/addresses-1.0.0.tgz",
      "integrity": "sha512-EVnXlVtKAzhY5e1SJ+S58ckboIJ1vvlffIA+1Z9+1txokLcjoiBswutsNWz9C7sYwNzjpPnAQ1M8gnp3hvhagQ=="
    },
    "@leofcoin/codec-format-interface": {
      "version": "1.4.0",
      "resolved": "https://registry.npmjs.org/@leofcoin/codec-format-interface/-/codec-format-interface-1.4.0.tgz",
      "integrity": "sha512-k8HXwCf+BXnRFlm2SvjO+YK1Qpjqb/GL8qUelo3Ce4s4tgpbi09V/rZaJxO3mwCynSVcm5QvRvwdU16Sai5piA==",
      "requires": {
        "@vandeurenglenn/base32": "^1.1.0",
        "@vandeurenglenn/base58": "^1.1.0",
        "@vandeurenglenn/is-hex": "^1.0.0",
        "keccak": "^3.0.2",
        "varint": "^6.0.0"
      }
    },
    "@leofcoin/messages": {
      "version": "1.2.0",
      "resolved": "https://registry.npmjs.org/@leofcoin/messages/-/messages-1.2.0.tgz",
      "integrity": "sha512-BnYbcQWr3N/OYO52z7/Oim79hgLFPkPWZn+SYSTK5H3KkfqUIC6gAfEZlhndw9yT2vFtJdF6l387txtM4fOTbA==",
      "requires": {
        "@leofcoin/codec-format-interface": "^1.2.2"
      }
    },
    "@rollup/plugin-json": {
      "version": "4.1.0",
      "resolved": "https://registry.npmjs.org/@rollup/plugin-json/-/plugin-json-4.1.0.tgz",
      "integrity": "sha512-yfLbTdNS6amI/2OpmbiBoW12vngr5NW2jCJVZSBEz+H5KfUJZ2M7sDjk0U6GOOdCWFVScShte29o9NezJ53TPw==",
      "dev": true,
      "requires": {
        "@rollup/pluginutils": "^3.0.8"
      }
    },
    "@rollup/pluginutils": {
      "version": "3.1.0",
      "resolved": "https://registry.npmjs.org/@rollup/pluginutils/-/pluginutils-3.1.0.tgz",
      "integrity": "sha512-GksZ6pr6TpIjHm8h9lSQ8pi8BE9VeubNT0OMJ3B5uZJ8pz73NPiqOtCog/x2/QzM1ENChPKxMDhiQuRHsqc+lg==",
      "dev": true,
      "requires": {
        "@types/estree": "0.0.39",
        "estree-walker": "^1.0.1",
        "picomatch": "^2.2.2"
      }
    },
    "@types/estree": {
      "version": "0.0.39",
      "resolved": "https://registry.npmjs.org/@types/estree/-/estree-0.0.39.tgz",
      "integrity": "sha512-EYNwp3bU+98cpU4lAWYYL7Zz+2gryWH1qbdDTidVd6hkiR6weksdbMadyXKXNPEkQFhXM+hVO9ZygomHXp+AIw==",
      "dev": true
    },
    "@vandeurenglenn/base-x": {
      "version": "1.0.0",
      "resolved": "https://registry.npmjs.org/@vandeurenglenn/base-x/-/base-x-1.0.0.tgz",
      "integrity": "sha512-RV0acY7IfGI+OmjZeOTEJQP77SNsyF3v+cEaG4uFeCrEu4rFyEcmGrzG66Ncr+RpNhLKkj4zyBTpWmenQa8F3Q=="
    },
    "@vandeurenglenn/base32": {
      "version": "1.1.0",
      "resolved": "https://registry.npmjs.org/@vandeurenglenn/base32/-/base32-1.1.0.tgz",
      "integrity": "sha512-0FezP6bMSD1X30v2F8JgN8DnjDs3z1pgV03YQt+IYcvqm0446MCLRM6LqgqN73qH84u7gd7sPZtSEgxeX5tJOA==",
      "requires": {
        "@vandeurenglenn/base-x": "^1.0.0"
      }
    },
    "@vandeurenglenn/base58": {
      "version": "1.1.0",
      "resolved": "https://registry.npmjs.org/@vandeurenglenn/base58/-/base58-1.1.0.tgz",
      "integrity": "sha512-eREK/2FXme24z8NRVWyOAc/HKggkjGtbk5Q+knT0PwASto2hBPGpLHlkM9Htn6M2Yd82gt5RIxGVCeO3JoKcQg==",
      "requires": {
        "@vandeurenglenn/base-x": "^1.0.0"
      }
    },
    "@vandeurenglenn/is-hex": {
      "version": "1.0.0",
      "resolved": "https://registry.npmjs.org/@vandeurenglenn/is-hex/-/is-hex-1.0.0.tgz",
      "integrity": "sha512-2SslX19t7Dek0q1eUJd51SqsmDuvPjW5Cd+69qT+JyP0TCtiJkR1pBdWMI0RIK1uWCgkigZ2RMPzDG2ls5wZFQ=="
    },
    "estree-walker": {
      "version": "1.0.1",
      "resolved": "https://registry.npmjs.org/estree-walker/-/estree-walker-1.0.1.tgz",
      "integrity": "sha512-1fMXF3YP4pZZVozF8j/ZLfvnR8NSIljt56UhbZ5PeeDmmGHpgpdwQt7ITlGvYaQukCvuBRMLEiKiYC+oeIg4cg==",
      "dev": true
    },
    "fsevents": {
      "version": "2.3.2",
      "resolved": "https://registry.npmjs.org/fsevents/-/fsevents-2.3.2.tgz",
      "integrity": "sha512-xiqMQR4xAeHTuB9uWm+fFRcIOgKBMiOBP+eXiyT7jsgVCq1bkVygt00oASowB7EdtpOHaaPgKt812P9ab+DDKA==",
      "dev": true,
      "optional": true,
      "peer": true
    },
    "inherits": {
      "version": "2.0.4",
      "resolved": "https://registry.npmjs.org/inherits/-/inherits-2.0.4.tgz",
      "integrity": "sha512-k/vGaX4/Yla3WzyMCvTQOXYeIHvqOKtnqBduzTHpzpQZzAskKMhZ2K+EnBiSM9zGSoIFeMpXKxa4dYeZIQqewQ=="
    },
    "keccak": {
      "version": "3.0.2",
      "resolved": "https://registry.npmjs.org/keccak/-/keccak-3.0.2.tgz",
      "integrity": "sha512-PyKKjkH53wDMLGrvmRGSNWgmSxZOUqbnXwKL9tmgbFYA1iAYqW21kfR7mZXV0MlESiefxQQE9X9fTa3X+2MPDQ==",
      "requires": {
        "node-addon-api": "^2.0.0",
        "node-gyp-build": "^4.2.0",
        "readable-stream": "^3.6.0"
      }
    },
    "node-addon-api": {
      "version": "2.0.2",
      "resolved": "https://registry.npmjs.org/node-addon-api/-/node-addon-api-2.0.2.tgz",
      "integrity": "sha512-Ntyt4AIXyaLIuMHF6IOoTakB3K+RWxwtsHNRxllEoA6vPwP9o4866g6YWDLUdnucilZhmkxiHwHr11gAENw+QA=="
    },
    "node-gyp-build": {
      "version": "4.5.0",
      "resolved": "https://registry.npmjs.org/node-gyp-build/-/node-gyp-build-4.5.0.tgz",
      "integrity": "sha512-2iGbaQBV+ITgCz76ZEjmhUKAKVf7xfY1sRl4UiKQspfZMH2h06SyhNsnSVy50cwkFQDGLyif6m/6uFXHkOZ6rg=="
    },
    "picomatch": {
      "version": "2.3.1",
      "resolved": "https://registry.npmjs.org/picomatch/-/picomatch-2.3.1.tgz",
      "integrity": "sha512-JU3teHTNjmE2VCGFzuY8EXzCDVwEqB2a8fsIvwaStHhAWJEeVd1o1QD80CU6+ZdEXXSLbSsuLwJjkCBWqRQUVA==",
      "dev": true
    },
    "readable-stream": {
      "version": "3.6.0",
      "resolved": "https://registry.npmjs.org/readable-stream/-/readable-stream-3.6.0.tgz",
      "integrity": "sha512-BViHy7LKeTz4oNnkcLJ+lVSL6vpiFeX6/d3oSH8zCW7UxP2onchk+vTGB143xuFjHS3deTgkKoXXymXqymiIdA==",
      "requires": {
        "inherits": "^2.0.3",
        "string_decoder": "^1.1.1",
        "util-deprecate": "^1.0.1"
      }
    },
    "rollup": {
      "version": "2.79.0",
      "resolved": "https://registry.npmjs.org/rollup/-/rollup-2.79.0.tgz",
      "integrity": "sha512-x4KsrCgwQ7ZJPcFA/SUu6QVcYlO7uRLfLAy0DSA4NS2eG8japdbpM50ToH7z4iObodRYOJ0soneF0iaQRJ6zhA==",
      "dev": true,
      "peer": true,
      "requires": {
        "fsevents": "~2.3.2"
      }
    },
    "safe-buffer": {
      "version": "5.2.1",
      "resolved": "https://registry.npmjs.org/safe-buffer/-/safe-buffer-5.2.1.tgz",
      "integrity": "sha512-rp3So07KcdmmKbGvgaNxQSJr7bGVSVk5S9Eq1F+ppbRo70+YeaDxkw5Dd8NPN+GD6bjnYm2VuPuCXmpuYvmCXQ=="
    },
    "string_decoder": {
      "version": "1.3.0",
      "resolved": "https://registry.npmjs.org/string_decoder/-/string_decoder-1.3.0.tgz",
      "integrity": "sha512-hkRX8U1WjJFd8LsDJ2yQ/wWWxaopEsABU1XfkM8A+j0+85JAGppt16cr1Whg6KIbb4okU6Mql6BOj+uup/wKeA==",
      "requires": {
        "safe-buffer": "~5.2.0"
      }
    },
    "util-deprecate": {
      "version": "1.0.2",
      "resolved": "https://registry.npmjs.org/util-deprecate/-/util-deprecate-1.0.2.tgz",
      "integrity": "sha512-EPD5q1uXyFxJpCrLnCc1nHnq3gOa6DZBocAIiI2TaSCA7VCJ1UJDMagCzIkXNsUYfD1daK//LTEQ8xiIbrHtcw=="
    },
    "varint": {
      "version": "6.0.0",
      "resolved": "https://registry.npmjs.org/varint/-/varint-6.0.0.tgz",
      "integrity": "sha512-cXEIW6cfr15lFv563k4GuVuW/fiwjknytD37jIOLSdSWuOI6WnO/oKwmP2FQTU2l01LP8/M5TSAJpzUaGe3uWg=="
    }
  }
}
