{
  "name": "miniframe",
  "version": "1.0.0",
  "lockfileVersion": 1,
  "requires": true,
  "dependencies": {
    "@vandeurenglenn/little-pubsub": {
      "version": "1.4.0",
      "resolved": "https://registry.npmjs.org/@vandeurenglenn/little-pubsub/-/little-pubsub-1.4.0.tgz",
      "integrity": "sha512-z1N2jwas9U6G4TbgVM0RfdZt4wEY6VP2U9/FL7OBTmRvgPKyMgNi6AHkDemTR/oGPb8Mg7x1bWeaH5T9wNpdEw=="
    }
  }
}
