{
  "name": "miniframe",
  "version": "1.0.0",
  "lockfileVersion": 1,
  "requires": true,
  "dependencies": {
    "@vandeurenglenn/little-pubsub": {
      "version": "1.3.1",
      "resolved": "https://registry.npmjs.org/@vandeurenglenn/little-pubsub/-/little-pubsub-1.3.1.tgz",
      "integrity": "sha512-4KJ6nPv1NQCmLSxsQg78JcR0k71y5Inm5WHQcPA6Jl/DWJVTPtpGc7mSEc2wUufc9mxRJnTknkGFY9LKMlIvzw=="
    }
  }
}
