{
  "name": "miniframe",
  "version": "1.0.0",
  "lockfileVersion": 1,
  "requires": true,
  "dependencies": {
    "@vandeurenglenn/little-pubsub": {
      "version": "1.3.3",
      "resolved": "https://registry.npmjs.org/@vandeurenglenn/little-pubsub/-/little-pubsub-1.3.3.tgz",
      "integrity": "sha512-CU4b+5FMXXOs8twSB8NfXHlDNDyEDdE8DV0pK/u0hfJs1CdpStQXAaVlMLfkD8O3c6KTe3aY2MYnjQDUq7HvRg=="
    }
  }
}
