{
  "name": "@leofcoin/workers",
  "version": "1.3.12",
  "lockfileVersion": 3,
  "requires": true,
  "packages": {
    "": {
      "name": "@leofcoin/workers",
      "version": "1.3.12",
      "license": "MIT",
      "dependencies": {
        "@leofcoin/lib": "^1.2.3",
        "@leofcoin/messages": "^1.2.0",
        "@leofcoin/storage": "^3.3.2",
        "@leofcoin/utils": "^1.1.5",
        "@vandeurenglenn/easy-worker": "^1.0.2"
      }
    },
    "node_modules/@ethersproject/bignumber": {
      "version": "5.7.0",
      "resolved": "https://registry.npmjs.org/@ethersproject/bignumber/-/bignumber-5.7.0.tgz",
      "integrity": "sha512-n1CAdIHRWjSucQO3MC1zPSVgV/6dy/fjL9pMrPP9peL+QxEg9wOsVqwD4+818B6LUEtaXzVHQiuivzRoxPxUGw==",
      "funding": [
        {
          "type": "individual",
          "url": "https://gitcoin.co/grants/13/ethersjs-complete-simple-and-tiny-2"
        },
        {
          "type": "individual",
          "url": "https://www.buymeacoffee.com/ricmoo"
        }
      ],
      "dependencies": {
        "@ethersproject/bytes": "^5.7.0",
        "@ethersproject/logger": "^5.7.0",
        "bn.js": "^5.2.1"
      }
    },
    "node_modules/@ethersproject/bytes": {
      "version": "5.7.0",
      "resolved": "https://registry.npmjs.org/@ethersproject/bytes/-/bytes-5.7.0.tgz",
      "integrity": "sha512-nsbxwgFXWh9NyYWo+U8atvmMsSdKJprTcICAkvbBffT75qDocbuggBU0SJiVK2MuTrp0q+xvLkTnGMPK1+uA9A==",
      "funding": [
        {
          "type": "individual",
          "url": "https://gitcoin.co/grants/13/ethersjs-complete-simple-and-tiny-2"
        },
        {
          "type": "individual",
          "url": "https://www.buymeacoffee.com/ricmoo"
        }
      ],
      "dependencies": {
        "@ethersproject/logger": "^5.7.0"
      }
    },
    "node_modules/@ethersproject/constants": {
      "version": "5.7.0",
      "resolved": "https://registry.npmjs.org/@ethersproject/constants/-/constants-5.7.0.tgz",
      "integrity": "sha512-DHI+y5dBNvkpYUMiRQyxRBYBefZkJfo70VUkUAsRjcPs47muV9evftfZ0PJVCXYbAiCgght0DtcF9srFQmIgWA==",
      "funding": [
        {
          "type": "individual",
          "url": "https://gitcoin.co/grants/13/ethersjs-complete-simple-and-tiny-2"
        },
        {
          "type": "individual",
          "url": "https://www.buymeacoffee.com/ricmoo"
        }
      ],
      "dependencies": {
        "@ethersproject/bignumber": "^5.7.0"
      }
    },
    "node_modules/@ethersproject/logger": {
      "version": "5.7.0",
      "resolved": "https://registry.npmjs.org/@ethersproject/logger/-/logger-5.7.0.tgz",
      "integrity": "sha512-0odtFdXu/XHtjQXJYA3u9G0G8btm0ND5Cu8M7i5vhEcE8/HmF4Lbdqanwyv4uQTr2tx6b7fQRmgLrsnpQlmnig==",
      "funding": [
        {
          "type": "individual",
          "url": "https://gitcoin.co/grants/13/ethersjs-complete-simple-and-tiny-2"
        },
        {
          "type": "individual",
          "url": "https://www.buymeacoffee.com/ricmoo"
        }
      ]
    },
    "node_modules/@ethersproject/units": {
      "version": "5.7.0",
      "resolved": "https://registry.npmjs.org/@ethersproject/units/-/units-5.7.0.tgz",
      "integrity": "sha512-pD3xLMy3SJu9kG5xDGI7+xhTEmGXlEqXU4OfNapmfnxLVY4EMSSRp7j1k7eezutBPH7RBN/7QPnwR7hzNlEFeg==",
      "funding": [
        {
          "type": "individual",
          "url": "https://gitcoin.co/grants/13/ethersjs-complete-simple-and-tiny-2"
        },
        {
          "type": "individual",
          "url": "https://www.buymeacoffee.com/ricmoo"
        }
      ],
      "dependencies": {
        "@ethersproject/bignumber": "^5.7.0",
        "@ethersproject/constants": "^5.7.0",
        "@ethersproject/logger": "^5.7.0"
      }
    },
    "node_modules/@leofcoin/addresses": {
      "version": "1.0.11",
      "resolved": "https://registry.npmjs.org/@leofcoin/addresses/-/addresses-1.0.11.tgz",
      "integrity": "sha512-kMdmeZMBt1d/+R4u5VOsZX4Pr6CGtmgO763zVJUy/Pv24Lk8vc+QcDxklgI/nSmq3Cwu8CJxqCqQbcamzLn8FQ=="
    },
    "node_modules/@leofcoin/codec-format-interface": {
      "version": "1.6.14",
      "resolved": "https://registry.npmjs.org/@leofcoin/codec-format-interface/-/codec-format-interface-1.6.14.tgz",
      "integrity": "sha512-PWiS0KqMXSqP5yTEA4w14NlL9G6YpsviXTPHpCgQRphx5LAce3PbyOxt5cLnwboZVvM+TFCtTXVu/jI0gwUWuw==",
      "dependencies": {
        "@leofcoin/codecs": "^1.0.0",
        "@vandeurenglenn/base32": "^1.1.0",
        "@vandeurenglenn/base58": "^1.1.1",
        "@vandeurenglenn/is-hex": "^1.0.0",
        "@vandeurenglenn/proto-array": "^1.0.0",
        "@vandeurenglenn/typed-array-utils": "^1.1.0",
        "hash-wasm": "^4.9.0",
        "varint": "^6.0.0"
      }
    },
    "node_modules/@leofcoin/codecs": {
      "version": "1.0.3",
      "resolved": "https://registry.npmjs.org/@leofcoin/codecs/-/codecs-1.0.3.tgz",
      "integrity": "sha512-tQ2fN8JB56K0zIsL5ZkQuUk7y0rnThaSOCyzjthS0xgSmfdP5GxVBcKDoAS+RKpxY5hT3qs5UbGlPycZM/btPQ=="
    },
    "node_modules/@leofcoin/crypto": {
      "version": "0.2.3",
      "resolved": "https://registry.npmjs.org/@leofcoin/crypto/-/crypto-0.2.3.tgz",
      "integrity": "sha512-XpKBGkx3CC0bTHs2+uCOJHMLccJqaKT2cGSSZ2mRIfyGXXbS9lFGLS4Ysw6LEeyZRDPTdAbNfpiFhNptC2F16w=="
    },
    "node_modules/@leofcoin/lib": {
      "version": "1.2.21",
      "resolved": "https://registry.npmjs.org/@leofcoin/lib/-/lib-1.2.21.tgz",
      "integrity": "sha512-qOX+Jr49jOrnLb79L395pRKonBkvzho1ZYvY3kT1CqIHWi5QqjOxLkbWs6dHbJkw8kIUgW356D7cfGAp3rxMQg==",
      "dependencies": {
        "@leofcoin/addresses": "^1.0.6",
        "@leofcoin/codec-format-interface": "^1.4.0",
        "@leofcoin/messages": "^1.1.2",
        "@leofcoin/utils": "^1.1.5"
      }
    },
    "node_modules/@leofcoin/messages": {
      "version": "1.3.7",
      "resolved": "https://registry.npmjs.org/@leofcoin/messages/-/messages-1.3.7.tgz",
      "integrity": "sha512-HlzyGnPtwB83iC3xGGEI4D0f0DkzjZOLHbefcVsvG83gdAjxu38gbaEgAJoCZNtzy0voiSlFI2eu1AoBLVH0Fw==",
      "dependencies": {
        "@leofcoin/codec-format-interface": "^1.6.5",
        "@leofcoin/utils": "^1.1.5",
        "@vandeurenglenn/easy-worker": "^1.0.2"
      }
    },
    "node_modules/@leofcoin/storage": {
      "version": "3.3.2",
      "resolved": "https://registry.npmjs.org/@leofcoin/storage/-/storage-3.3.2.tgz",
      "integrity": "sha512-TaEsYCrm9o2N5XMVpoSPoHYuCaelitD97yW8dZRVrkPTM3tUtXPtdkL/w34fX2QH6dNZW9OMkJ/FJ9dIsYLLHg==",
      "dependencies": {
        "@vandeurenglenn/base32": "^1.1.0",
        "@vandeurenglenn/base58": "^1.1.0",
        "classic-level": "^1.2.0",
        "idb": "^7.1.1",
        "mkdirp": "^2.1.3"
      }
    },
    "node_modules/@leofcoin/utils": {
      "version": "1.1.7",
      "resolved": "https://registry.npmjs.org/@leofcoin/utils/-/utils-1.1.7.tgz",
      "integrity": "sha512-Jl/+ylE/7scq7EHV0v57KV3k28J6j4M476C0GniiHk6IX96h5L/mMTlkwszt1SZyxbmRuHFnAD0YFLSAw5rf6w==",
      "dependencies": {
        "@ethersproject/bignumber": "^5.6.2",
        "@ethersproject/units": "^5.6.1"
      }
    },
    "node_modules/@vandeurenglenn/base-x": {
      "version": "1.1.3",
      "resolved": "https://registry.npmjs.org/@vandeurenglenn/base-x/-/base-x-1.1.3.tgz",
      "integrity": "sha512-nhagfuVfMwbdu5OQQB9iGJ3fSGueqZ6Wq4Y8uXhAGVyCVlgbEA/7HnkgxDm9lRzWQiSpYoSdAMUkbdwZnjUTzA=="
    },
    "node_modules/@vandeurenglenn/base16": {
      "version": "1.0.1",
      "resolved": "https://registry.npmjs.org/@vandeurenglenn/base16/-/base16-1.0.1.tgz",
      "integrity": "sha512-kJLo+deTJD+pSIzvY3S3VCxaAGqT5SVPDdM44ziNO65DezIcKQJ6DII8amq8UyErY03As4EVCeykAh/SckR1UQ==",
      "dependencies": {
        "@vandeurenglenn/base-x": "^1.1.0"
      }
    },
    "node_modules/@vandeurenglenn/base32": {
      "version": "1.2.3",
      "resolved": "https://registry.npmjs.org/@vandeurenglenn/base32/-/base32-1.2.3.tgz",
      "integrity": "sha512-NWS4w1Ysqa06ejl1lgDhr3pzrfuEnBveO4YlYEVUci+zvUFLeHxIbJxtbXlHJ409TrSy6sPbWd3ICHkdzme1lA==",
      "dependencies": {
        "@vandeurenglenn/base-x": "^1.1.0"
      }
    },
    "node_modules/@vandeurenglenn/base58": {
      "version": "1.1.8",
      "resolved": "https://registry.npmjs.org/@vandeurenglenn/base58/-/base58-1.1.8.tgz",
      "integrity": "sha512-akTkb0uesfbDOZ+a9lvjEIKsvXV0dvcdqw+Ld0eITrAB1e6JNEGo58c6NgcbOrdhH7Y3pHt+DR4zM/4Qmb1uxw==",
      "dependencies": {
        "@vandeurenglenn/base-x": "^1.0.0"
      }
    },
    "node_modules/@vandeurenglenn/base58check": {
      "version": "1.1.1",
      "resolved": "https://registry.npmjs.org/@vandeurenglenn/base58check/-/base58check-1.1.1.tgz",
      "integrity": "sha512-PSftUMMjNB9huZij2YyYITT0D+JXuFfH6pQI2jWePE+Gv6GH3nl2MX99gQS3Ghb78GqGsvwHvq0l+ctvvoya7A==",
      "dependencies": {
        "@leofcoin/crypto": "^0.2.1",
        "@vandeurenglenn/base58": "^1.1.6",
        "@vandeurenglenn/typed-array-concat": "^1.0.2"
      }
    },
    "node_modules/@vandeurenglenn/base64": {
      "version": "1.0.0",
      "resolved": "https://registry.npmjs.org/@vandeurenglenn/base64/-/base64-1.0.0.tgz",
      "integrity": "sha512-d8YBHKA6ji8C/BmInYgzigDQbkZ2xPD+egfg+tjmhyTECDyxkxzCEzAoIvd8+j9if076QHcnkqTxB9ltKpWWZg==",
      "dependencies": {
        "@vandeurenglenn/base-x": "^1.1.0"
      }
    },
    "node_modules/@vandeurenglenn/easy-worker": {
      "version": "1.0.2",
      "resolved": "https://registry.npmjs.org/@vandeurenglenn/easy-worker/-/easy-worker-1.0.2.tgz",
      "integrity": "sha512-LBbjpFVtucYaUgnKz3BgnXMC++DqMjIypu2w1/t5LlrU3FOQqHA90lCcqbA5ku6Q1yUma+qEyokUYichWxGc2w=="
    },
    "node_modules/@vandeurenglenn/is-hex": {
      "version": "1.1.0",
      "resolved": "https://registry.npmjs.org/@vandeurenglenn/is-hex/-/is-hex-1.1.0.tgz",
      "integrity": "sha512-xX/qgrPPctSDvGvWFmw7FG8K9HUU/ARuHpwYtnP0+N0UNn0+OuUUvr19Wv48EgVib09IBLvnBVv4PIifNt5k/w=="
    },
    "node_modules/@vandeurenglenn/proto-array": {
      "version": "1.0.13",
      "resolved": "https://registry.npmjs.org/@vandeurenglenn/proto-array/-/proto-array-1.0.13.tgz",
      "integrity": "sha512-AUG/u7pA9MeYS7qsF5KDiZ8BUj5BNOMrrYpGK1+EIvGRkwQXz57Bcg83okF5Vf94JpFgc9NCkLTpsAHE0L8JdA==",
      "dependencies": {
        "@leofcoin/utils": "^1.1.5",
        "@vandeurenglenn/typed-array-smart-concat": "^1.0.2",
        "@vandeurenglenn/typed-array-smart-deconcat": "^1.0.1",
        "@vandeurenglenn/typed-array-utils": "^1.0.0"
      }
    },
    "node_modules/@vandeurenglenn/typed-array-concat": {
      "version": "1.0.3",
      "resolved": "https://registry.npmjs.org/@vandeurenglenn/typed-array-concat/-/typed-array-concat-1.0.3.tgz",
      "integrity": "sha512-f/uy+8TVcOjVvi7wLH3vcY7GjNqQ4cwtblyuscKMiKu48Ck/krSe2IHLqHD3C8dnx/FrYAW6N55/IZLfrNqiRg=="
    },
    "node_modules/@vandeurenglenn/typed-array-smart-concat": {
      "version": "1.0.4",
      "resolved": "https://registry.npmjs.org/@vandeurenglenn/typed-array-smart-concat/-/typed-array-smart-concat-1.0.4.tgz",
      "integrity": "sha512-9wXgbjbCHl6TABAU9pGWhERlBHjptUoEBuNbJ8pipCo8zCVPmxnJtq+KsAF6kCXL0g2X2499oTNA9kkgaYTaaQ==",
      "dependencies": {
        "varint": "github:vandeurenglenn/varint"
      }
    },
    "node_modules/@vandeurenglenn/typed-array-smart-deconcat": {
      "version": "1.0.3",
      "resolved": "https://registry.npmjs.org/@vandeurenglenn/typed-array-smart-deconcat/-/typed-array-smart-deconcat-1.0.3.tgz",
      "integrity": "sha512-fyaMSHu3BDYn8RATklBrmGmnIVdUDwW2usukUFaQmpU5i3f86zXxophUFTpc0S0GuvSn2KVt/6jVaRnBI0J+CA==",
      "dependencies": {
        "varint": "github:vandeurenglenn/varint"
      }
    },
    "node_modules/@vandeurenglenn/typed-array-utils": {
      "version": "1.1.1",
      "resolved": "https://registry.npmjs.org/@vandeurenglenn/typed-array-utils/-/typed-array-utils-1.1.1.tgz",
      "integrity": "sha512-VZRRVwLrtSEbRgBrdmVendfl2Dj84kXxpLndulm3c+eLBQJSCVcyOr2PbN3v7S7P26EPzj9PcQxnf9Di7G3gsg==",
      "dependencies": {
        "@vandeurenglenn/base16": "^1.0.1",
        "@vandeurenglenn/base32": "^1.2.3",
        "@vandeurenglenn/base58": "^1.1.8",
        "@vandeurenglenn/base58check": "^1.1.1",
        "@vandeurenglenn/base64": "^1.0.0",
        "@vandeurenglenn/typed-array-utils": "^1.1.0"
      }
    },
    "node_modules/abstract-level": {
      "version": "1.0.3",
      "resolved": "https://registry.npmjs.org/abstract-level/-/abstract-level-1.0.3.tgz",
      "integrity": "sha512-t6jv+xHy+VYwc4xqZMn2Pa9DjcdzvzZmQGRjTFc8spIbRGHgBrEKbPq+rYXc7CCo0lxgYvSgKVg9qZAhpVQSjA==",
      "dependencies": {
        "buffer": "^6.0.3",
        "catering": "^2.1.0",
        "is-buffer": "^2.0.5",
        "level-supports": "^4.0.0",
        "level-transcoder": "^1.0.1",
        "module-error": "^1.0.1",
        "queue-microtask": "^1.2.3"
      },
      "engines": {
        "node": ">=12"
      }
    },
    "node_modules/base64-js": {
      "version": "1.5.1",
      "resolved": "https://registry.npmjs.org/base64-js/-/base64-js-1.5.1.tgz",
      "integrity": "sha512-AKpaYlHn8t4SVbOHCy+b5+KKgvR4vrsD8vbvrbiQJps7fKDTkjkDry6ji0rUJjC0kzbNePLwzxq8iypo41qeWA==",
      "funding": [
        {
          "type": "github",
          "url": "https://github.com/sponsors/feross"
        },
        {
          "type": "patreon",
          "url": "https://www.patreon.com/feross"
        },
        {
          "type": "consulting",
          "url": "https://feross.org/support"
        }
      ]
    },
    "node_modules/bn.js": {
      "version": "5.2.1",
      "resolved": "https://registry.npmjs.org/bn.js/-/bn.js-5.2.1.tgz",
      "integrity": "sha512-eXRvHzWyYPBuB4NBy0cmYQjGitUrtqwbvlzP3G6VFnNRbsZQIxQ10PbKKHt8gZ/HW/D/747aDl+QkDqg3KQLMQ=="
    },
    "node_modules/buffer": {
      "version": "6.0.3",
      "resolved": "https://registry.npmjs.org/buffer/-/buffer-6.0.3.tgz",
      "integrity": "sha512-FTiCpNxtwiZZHEZbcbTIcZjERVICn9yq/pDFkTl95/AxzD1naBctN7YO68riM/gLSDY7sdrMby8hofADYuuqOA==",
      "funding": [
        {
          "type": "github",
          "url": "https://github.com/sponsors/feross"
        },
        {
          "type": "patreon",
          "url": "https://www.patreon.com/feross"
        },
        {
          "type": "consulting",
          "url": "https://feross.org/support"
        }
      ],
      "dependencies": {
        "base64-js": "^1.3.1",
        "ieee754": "^1.2.1"
      }
    },
    "node_modules/catering": {
      "version": "2.1.1",
      "resolved": "https://registry.npmjs.org/catering/-/catering-2.1.1.tgz",
      "integrity": "sha512-K7Qy8O9p76sL3/3m7/zLKbRkyOlSZAgzEaLhyj2mXS8PsCud2Eo4hAb8aLtZqHh0QGqLcb9dlJSu6lHRVENm1w==",
      "engines": {
        "node": ">=6"
      }
    },
    "node_modules/classic-level": {
      "version": "1.2.0",
      "resolved": "https://registry.npmjs.org/classic-level/-/classic-level-1.2.0.tgz",
      "integrity": "sha512-qw5B31ANxSluWz9xBzklRWTUAJ1SXIdaVKTVS7HcTGKOAmExx65Wo5BUICW+YGORe2FOUaDghoI9ZDxj82QcFg==",
      "hasInstallScript": true,
      "dependencies": {
        "abstract-level": "^1.0.2",
        "catering": "^2.1.0",
        "module-error": "^1.0.1",
        "napi-macros": "~2.0.0",
        "node-gyp-build": "^4.3.0"
      },
      "engines": {
        "node": ">=12"
      }
    },
    "node_modules/hash-wasm": {
      "version": "4.9.0",
      "resolved": "https://registry.npmjs.org/hash-wasm/-/hash-wasm-4.9.0.tgz",
      "integrity": "sha512-7SW7ejyfnRxuOc7ptQHSf4LDoZaWOivfzqw+5rpcQku0nHfmicPKE51ra9BiRLAmT8+gGLestr1XroUkqdjL6w=="
    },
    "node_modules/idb": {
      "version": "7.1.1",
      "resolved": "https://registry.npmjs.org/idb/-/idb-7.1.1.tgz",
      "integrity": "sha512-gchesWBzyvGHRO9W8tzUWFDycow5gwjvFKfyV9FF32Y7F50yZMp7mP+T2mJIWFx49zicqyC4uefHM17o6xKIVQ=="
    },
    "node_modules/ieee754": {
      "version": "1.2.1",
      "resolved": "https://registry.npmjs.org/ieee754/-/ieee754-1.2.1.tgz",
      "integrity": "sha512-dcyqhDvX1C46lXZcVqCpK+FtMRQVdIMN6/Df5js2zouUsqG7I6sFxitIC+7KYK29KdXOLHdu9zL4sFnoVQnqaA==",
      "funding": [
        {
          "type": "github",
          "url": "https://github.com/sponsors/feross"
        },
        {
          "type": "patreon",
          "url": "https://www.patreon.com/feross"
        },
        {
          "type": "consulting",
          "url": "https://feross.org/support"
        }
      ]
    },
    "node_modules/is-buffer": {
      "version": "2.0.5",
      "resolved": "https://registry.npmjs.org/is-buffer/-/is-buffer-2.0.5.tgz",
      "integrity": "sha512-i2R6zNFDwgEHJyQUtJEk0XFi1i0dPFn/oqjK3/vPCcDeJvW5NQ83V8QbicfF1SupOaB0h8ntgBC2YiE7dfyctQ==",
      "funding": [
        {
          "type": "github",
          "url": "https://github.com/sponsors/feross"
        },
        {
          "type": "patreon",
          "url": "https://www.patreon.com/feross"
        },
        {
          "type": "consulting",
          "url": "https://feross.org/support"
        }
      ],
      "engines": {
        "node": ">=4"
      }
    },
    "node_modules/level-supports": {
      "version": "4.0.1",
      "resolved": "https://registry.npmjs.org/level-supports/-/level-supports-4.0.1.tgz",
      "integrity": "sha512-PbXpve8rKeNcZ9C1mUicC9auIYFyGpkV9/i6g76tLgANwWhtG2v7I4xNBUlkn3lE2/dZF3Pi0ygYGtLc4RXXdA==",
      "engines": {
        "node": ">=12"
      }
    },
    "node_modules/level-transcoder": {
      "version": "1.0.1",
      "resolved": "https://registry.npmjs.org/level-transcoder/-/level-transcoder-1.0.1.tgz",
      "integrity": "sha512-t7bFwFtsQeD8cl8NIoQ2iwxA0CL/9IFw7/9gAjOonH0PWTTiRfY7Hq+Ejbsxh86tXobDQ6IOiddjNYIfOBs06w==",
      "dependencies": {
        "buffer": "^6.0.3",
        "module-error": "^1.0.1"
      },
      "engines": {
        "node": ">=12"
      }
    },
    "node_modules/mkdirp": {
      "version": "2.1.6",
      "resolved": "https://registry.npmjs.org/mkdirp/-/mkdirp-2.1.6.tgz",
      "integrity": "sha512-+hEnITedc8LAtIP9u3HJDFIdcLV2vXP33sqLLIzkv1Db1zO/1OxbvYf0Y1OC/S/Qo5dxHXepofhmxL02PsKe+A==",
      "bin": {
        "mkdirp": "dist/cjs/src/bin.js"
      },
      "engines": {
        "node": ">=10"
      },
      "funding": {
        "url": "https://github.com/sponsors/isaacs"
      }
    },
    "node_modules/module-error": {
      "version": "1.0.2",
      "resolved": "https://registry.npmjs.org/module-error/-/module-error-1.0.2.tgz",
      "integrity": "sha512-0yuvsqSCv8LbaOKhnsQ/T5JhyFlCYLPXK3U2sgV10zoKQwzs/MyfuQUOZQ1V/6OCOJsK/TRgNVrPuPDqtdMFtA==",
      "engines": {
        "node": ">=10"
      }
    },
    "node_modules/napi-macros": {
      "version": "2.0.0",
      "resolved": "https://registry.npmjs.org/napi-macros/-/napi-macros-2.0.0.tgz",
      "integrity": "sha512-A0xLykHtARfueITVDernsAWdtIMbOJgKgcluwENp3AlsKN/PloyO10HtmoqnFAQAcxPkgZN7wdfPfEd0zNGxbg=="
    },
    "node_modules/node-gyp-build": {
      "version": "4.6.0",
      "resolved": "https://registry.npmjs.org/node-gyp-build/-/node-gyp-build-4.6.0.tgz",
      "integrity": "sha512-NTZVKn9IylLwUzaKjkas1e4u2DLNcV4rdYagA4PWdPwW87Bi7z+BznyKSRwS/761tV/lzCGXplWsiaMjLqP2zQ==",
      "bin": {
        "node-gyp-build": "bin.js",
        "node-gyp-build-optional": "optional.js",
        "node-gyp-build-test": "build-test.js"
      }
    },
    "node_modules/queue-microtask": {
      "version": "1.2.3",
      "resolved": "https://registry.npmjs.org/queue-microtask/-/queue-microtask-1.2.3.tgz",
      "integrity": "sha512-NuaNSa6flKT5JaSYQzJok04JzTL1CA6aGhv5rfLW3PgqA+M2ChpZQnAC8h8i4ZFkBS8X5RqkDBHA7r4hej3K9A==",
      "funding": [
        {
          "type": "github",
          "url": "https://github.com/sponsors/feross"
        },
        {
          "type": "patreon",
          "url": "https://www.patreon.com/feross"
        },
        {
          "type": "consulting",
          "url": "https://feross.org/support"
        }
      ]
    },
    "node_modules/varint": {
      "version": "6.0.0",
      "resolved": "git+ssh://git@github.com/vandeurenglenn/varint.git#a7bcb37c7816865b361a9483a3062eeabc2e2cb1",
      "license": "MIT"
    }
  }
}
