{
  "name": "@leofcoin/workers",
  "version": "1.3.6",
  "lockfileVersion": 2,
  "requires": true,
  "packages": {
    "": {
      "name": "@leofcoin/workers",
      "version": "1.3.6",
      "license": "MIT",
      "dependencies": {
        "@leofcoin/messages": "^1.2.0"
      }
    },
    "node_modules/@leofcoin/codec-format-interface": {
      "version": "1.5.2",
      "resolved": "https://registry.npmjs.org/@leofcoin/codec-format-interface/-/codec-format-interface-1.5.2.tgz",
      "integrity": "sha512-2Zh0dlaPd3ObjFqkFJhFe7E6qXKrwv4f5sBS2adtGLdzRPCT8w4ttMuRhPowt0MDcFtSk7s0RUujQ2ROWqZUCA==",
      "dependencies": {
        "@vandeurenglenn/base32": "^1.1.0",
        "@vandeurenglenn/base58": "^1.1.1",
        "@vandeurenglenn/is-hex": "^1.0.0",
        "hash-wasm": "^4.9.0",
        "varint": "^6.0.0"
      }
    },
    "node_modules/@leofcoin/messages": {
      "version": "1.3.0",
      "resolved": "https://registry.npmjs.org/@leofcoin/messages/-/messages-1.3.0.tgz",
      "integrity": "sha512-30MO6HnyuEMS3IjlU8pding5VckPxHlhB7RnDU5x7tioW8M5CrzDnuA9TBBEmqdy4iMLE4BXVxedhbMGBADVTw==",
      "dependencies": {
        "@leofcoin/codec-format-interface": "^1.4.0"
      }
    },
    "node_modules/@vandeurenglenn/base-x": {
      "version": "1.1.0",
      "resolved": "https://registry.npmjs.org/@vandeurenglenn/base-x/-/base-x-1.1.0.tgz",
      "integrity": "sha512-V6Jxbv+CNT4j1M7bPw4NrMqO3/0cEuWqU+CMAi3Ux4K5JDNepNXWEbT9rKRuaKvS8vLGCi2woM0F4/ssLDU95w=="
    },
    "node_modules/@vandeurenglenn/base32": {
      "version": "1.2.1",
      "resolved": "https://registry.npmjs.org/@vandeurenglenn/base32/-/base32-1.2.1.tgz",
      "integrity": "sha512-JjUIcl5BLi8S3enr2vsWnCsGNxMN4WaWDQgEgDTaoLfwVt5oT6f8v93GNUEXsPcHZg2K0+jzV08NHruzQYGIMA==",
      "dependencies": {
        "@vandeurenglenn/base-x": "^1.1.0"
      }
    },
    "node_modules/@vandeurenglenn/base58": {
      "version": "1.1.3",
      "resolved": "https://registry.npmjs.org/@vandeurenglenn/base58/-/base58-1.1.3.tgz",
      "integrity": "sha512-Kn5DoQEZ1Q70j7vny8WAOMQxjAR/Rs3dMfL0LvJR9n1d5NJ1Ktbj4bSOnS0nK5GoJf6oHtTK3W1FC0pL1Hj0Ig==",
      "dependencies": {
        "@vandeurenglenn/base-x": "^1.0.0"
      }
    },
    "node_modules/@vandeurenglenn/is-hex": {
      "version": "1.1.0",
      "resolved": "https://registry.npmjs.org/@vandeurenglenn/is-hex/-/is-hex-1.1.0.tgz",
      "integrity": "sha512-xX/qgrPPctSDvGvWFmw7FG8K9HUU/ARuHpwYtnP0+N0UNn0+OuUUvr19Wv48EgVib09IBLvnBVv4PIifNt5k/w=="
    },
    "node_modules/hash-wasm": {
      "version": "4.9.0",
      "resolved": "https://registry.npmjs.org/hash-wasm/-/hash-wasm-4.9.0.tgz",
      "integrity": "sha512-7SW7ejyfnRxuOc7ptQHSf4LDoZaWOivfzqw+5rpcQku0nHfmicPKE51ra9BiRLAmT8+gGLestr1XroUkqdjL6w=="
    },
    "node_modules/varint": {
      "version": "6.0.0",
      "resolved": "https://registry.npmjs.org/varint/-/varint-6.0.0.tgz",
      "integrity": "sha512-cXEIW6cfr15lFv563k4GuVuW/fiwjknytD37jIOLSdSWuOI6WnO/oKwmP2FQTU2l01LP8/M5TSAJpzUaGe3uWg=="
    }
  },
  "dependencies": {
    "@leofcoin/codec-format-interface": {
      "version": "1.5.2",
      "resolved": "https://registry.npmjs.org/@leofcoin/codec-format-interface/-/codec-format-interface-1.5.2.tgz",
      "integrity": "sha512-2Zh0dlaPd3ObjFqkFJhFe7E6qXKrwv4f5sBS2adtGLdzRPCT8w4ttMuRhPowt0MDcFtSk7s0RUujQ2ROWqZUCA==",
      "requires": {
        "@vandeurenglenn/base32": "^1.1.0",
        "@vandeurenglenn/base58": "^1.1.1",
        "@vandeurenglenn/is-hex": "^1.0.0",
        "hash-wasm": "^4.9.0",
        "varint": "^6.0.0"
      }
    },
    "@leofcoin/messages": {
      "version": "1.3.0",
      "resolved": "https://registry.npmjs.org/@leofcoin/messages/-/messages-1.3.0.tgz",
      "integrity": "sha512-30MO6HnyuEMS3IjlU8pding5VckPxHlhB7RnDU5x7tioW8M5CrzDnuA9TBBEmqdy4iMLE4BXVxedhbMGBADVTw==",
      "requires": {
        "@leofcoin/codec-format-interface": "^1.4.0"
      }
    },
    "@vandeurenglenn/base-x": {
      "version": "1.1.0",
      "resolved": "https://registry.npmjs.org/@vandeurenglenn/base-x/-/base-x-1.1.0.tgz",
      "integrity": "sha512-V6Jxbv+CNT4j1M7bPw4NrMqO3/0cEuWqU+CMAi3Ux4K5JDNepNXWEbT9rKRuaKvS8vLGCi2woM0F4/ssLDU95w=="
    },
    "@vandeurenglenn/base32": {
      "version": "1.2.1",
      "resolved": "https://registry.npmjs.org/@vandeurenglenn/base32/-/base32-1.2.1.tgz",
      "integrity": "sha512-JjUIcl5BLi8S3enr2vsWnCsGNxMN4WaWDQgEgDTaoLfwVt5oT6f8v93GNUEXsPcHZg2K0+jzV08NHruzQYGIMA==",
      "requires": {
        "@vandeurenglenn/base-x": "^1.1.0"
      }
    },
    "@vandeurenglenn/base58": {
      "version": "1.1.3",
      "resolved": "https://registry.npmjs.org/@vandeurenglenn/base58/-/base58-1.1.3.tgz",
      "integrity": "sha512-Kn5DoQEZ1Q70j7vny8WAOMQxjAR/Rs3dMfL0LvJR9n1d5NJ1Ktbj4bSOnS0nK5GoJf6oHtTK3W1FC0pL1Hj0Ig==",
      "requires": {
        "@vandeurenglenn/base-x": "^1.0.0"
      }
    },
    "@vandeurenglenn/is-hex": {
      "version": "1.1.0",
      "resolved": "https://registry.npmjs.org/@vandeurenglenn/is-hex/-/is-hex-1.1.0.tgz",
      "integrity": "sha512-xX/qgrPPctSDvGvWFmw7FG8K9HUU/ARuHpwYtnP0+N0UNn0+OuUUvr19Wv48EgVib09IBLvnBVv4PIifNt5k/w=="
    },
    "hash-wasm": {
      "version": "4.9.0",
      "resolved": "https://registry.npmjs.org/hash-wasm/-/hash-wasm-4.9.0.tgz",
      "integrity": "sha512-7SW7ejyfnRxuOc7ptQHSf4LDoZaWOivfzqw+5rpcQku0nHfmicPKE51ra9BiRLAmT8+gGLestr1XroUkqdjL6w=="
    },
    "varint": {
      "version": "6.0.0",
      "resolved": "https://registry.npmjs.org/varint/-/varint-6.0.0.tgz",
      "integrity": "sha512-cXEIW6cfr15lFv563k4GuVuW/fiwjknytD37jIOLSdSWuOI6WnO/oKwmP2FQTU2l01LP8/M5TSAJpzUaGe3uWg=="
    }
  }
}
